PODS:
  - ParticlePullToRefresh (0.1)
  - SwiftGen (6.1.0)
  - SwiftLint (0.31.0)

DEPENDENCIES:
  - ParticlePullToRefresh
  - SwiftGen
  - SwiftLint

SPEC REPOS:
  https://github.com/cocoapods/specs.git:
    - ParticlePullToRefresh
    - SwiftGen
    - SwiftLint

SPEC CHECKSUMS:
  ParticlePullToRefresh: f04072bb234a095ccca00a20f4b29c90f26ca911
  SwiftGen: f872ca75cbd17bf7103c17f13dcfa0d9a15667b0
  SwiftLint: 7a0227733d786395817373b2d0ca799fd0093ff3

PODFILE CHECKSUM: 656b340a3f749ef5f30a2362ac8458f2284ff287

COCOAPODS: 1.6.1
