// !$*UTF8*$!
{
	archiveVersion = 1;
	classes = {
	};
	objectVersion = 50;
	objects = {

/* Begin PBXBuildFile section */
		8A1903A32363159B00CA9712 /* AppDelegate.swift in Sources */ = {isa = PBXBuildFile; fileRef = 8A1903A22363159B00CA9712 /* AppDelegate.swift */; };
		8A1903A52363159B00CA9712 /* SceneDelegate.swift in Sources */ = {isa = PBXBuildFile; fileRef = 8A1903A42363159B00CA9712 /* SceneDelegate.swift */; };
		8A1903A72363159B00CA9712 /* ListUsersViewController.swift in Sources */ = {isa = PBXBuildFile; fileRef = 8A1903A62363159B00CA9712 /* ListUsersViewController.swift */; };
		8A1903AC2363159B00CA9712 /* Assets.xcassets in Resources */ = {isa = PBXBuildFile; fileRef = 8A1903AB2363159B00CA9712 /* Assets.xcassets */; };
		8A1903AF2363159B00CA9712 /* LaunchScreen.storyboard in Resources */ = {isa = PBXBuildFile; fileRef = 8A1903AD2363159B00CA9712 /* LaunchScreen.storyboard */; };
		8A1903B723631D6800CA9712 /* Then.swift in Sources */ = {isa = PBXBuildFile; fileRef = 8A1903B623631D6800CA9712 /* Then.swift */; };
		8A1903B923631DD000CA9712 /* AirLayout.swift in Sources */ = {isa = PBXBuildFile; fileRef = 8A1903B823631DD000CA9712 /* AirLayout.swift */; };
		8A1903BC23632B8C00CA9712 /* CAGradientLayer.swift in Sources */ = {isa = PBXBuildFile; fileRef = 8A1903BB23632B8C00CA9712 /* CAGradientLayer.swift */; };
		8A1903C12363305300CA9712 /* Localizable.strings in Resources */ = {isa = PBXBuildFile; fileRef = 8A1903C02363304000CA9712 /* Localizable.strings */; };
		8A1903C52363307E00CA9712 /* Assets.swift in Sources */ = {isa = PBXBuildFile; fileRef = 8A1903C42363307E00CA9712 /* Assets.swift */; };
		8A1903C72363308A00CA9712 /* Strings.swift in Sources */ = {isa = PBXBuildFile; fileRef = 8A1903C62363308A00CA9712 /* Strings.swift */; };
		8A1903CB2363407C00CA9712 /* UITableView.swift in Sources */ = {isa = PBXBuildFile; fileRef = 8A1903CA2363407C00CA9712 /* UITableView.swift */; };
		8A1903D42363570300CA9712 /* Typealiases.swift in Sources */ = {isa = PBXBuildFile; fileRef = 8A1903D32363570300CA9712 /* Typealiases.swift */; };
		8A1F9D112366277D00DBF768 /* LoadingView.swift in Sources */ = {isa = PBXBuildFile; fileRef = 8A1F9D102366277D00DBF768 /* LoadingView.swift */; };
		8A1F9D132366303A00DBF768 /* AlertModel.swift in Sources */ = {isa = PBXBuildFile; fileRef = 8A1F9D122366303A00DBF768 /* AlertModel.swift */; };
		8A519F9D2364ED8500220264 /* InputTextField.swift in Sources */ = {isa = PBXBuildFile; fileRef = 8A519F9C2364ED8500220264 /* InputTextField.swift */; };
		8A519F9F2364F91F00220264 /* Optional.swift in Sources */ = {isa = PBXBuildFile; fileRef = 8A519F9E2364F91F00220264 /* Optional.swift */; };
		8A5EDB2C2363751300381528 /* ParentViewController.swift in Sources */ = {isa = PBXBuildFile; fileRef = 8A5EDB2B2363751300381528 /* ParentViewController.swift */; };
		8A5EDB2E23637E4900381528 /* UserTableViewCell.swift in Sources */ = {isa = PBXBuildFile; fileRef = 8A5EDB2D23637E4900381528 /* UserTableViewCell.swift */; };
		8A5EDB3023637E9E00381528 /* ReusableView.swift in Sources */ = {isa = PBXBuildFile; fileRef = 8A5EDB2F23637E9E00381528 /* ReusableView.swift */; };
		8A634DA023659C99001D8082 /* FormUserViewModel.swift in Sources */ = {isa = PBXBuildFile; fileRef = 8A634D9F23659C99001D8082 /* FormUserViewModel.swift */; };
		8A634DA323659D20001D8082 /* InputModel.swift in Sources */ = {isa = PBXBuildFile; fileRef = 8A634DA223659D20001D8082 /* InputModel.swift */; };
		8A634DA52365A26D001D8082 /* FormModel.swift in Sources */ = {isa = PBXBuildFile; fileRef = 8A634DA42365A26D001D8082 /* FormModel.swift */; };
		8A634DA92365B1F1001D8082 /* ValidationManager.swift in Sources */ = {isa = PBXBuildFile; fileRef = 8A634DA82365B1F1001D8082 /* ValidationManager.swift */; };
		8A634DAF2365BEB8001D8082 /* AlertView.swift in Sources */ = {isa = PBXBuildFile; fileRef = 8A634DAE2365BEB8001D8082 /* AlertView.swift */; };
		8A634DB12365D93D001D8082 /* Users.swift in Sources */ = {isa = PBXBuildFile; fileRef = 8A634DB02365D93D001D8082 /* Users.swift */; };
		8A634DB42365DAFA001D8082 /* RequestTarget.swift in Sources */ = {isa = PBXBuildFile; fileRef = 8A634DB32365DAFA001D8082 /* RequestTarget.swift */; };
		8A634DB62365DE6B001D8082 /* ReuqestProvider.swift in Sources */ = {isa = PBXBuildFile; fileRef = 8A634DB52365DE6B001D8082 /* ReuqestProvider.swift */; };
		8A634DB92365DFBA001D8082 /* NetworkService.swift in Sources */ = {isa = PBXBuildFile; fileRef = 8A634DB82365DFBA001D8082 /* NetworkService.swift */; };
		8ADEE3BC2365674F00FDCAB3 /* UIScrollView+ParticlePullToRefresh.swift in Sources */ = {isa = PBXBuildFile; fileRef = 8ADEE3B92365674E00FDCAB3 /* UIScrollView+ParticlePullToRefresh.swift */; };
		8ADEE3BD2365674F00FDCAB3 /* ParticlePullToRefresh.swift in Sources */ = {isa = PBXBuildFile; fileRef = 8ADEE3BA2365674E00FDCAB3 /* ParticlePullToRefresh.swift */; };
		8ADEE3BE2365674F00FDCAB3 /* UIImage+Particle.swift in Sources */ = {isa = PBXBuildFile; fileRef = 8ADEE3BB2365674F00FDCAB3 /* UIImage+Particle.swift */; };
		8ADEE3C3236579D100FDCAB3 /* NotificationCenter.swift in Sources */ = {isa = PBXBuildFile; fileRef = 8ADEE3C2236579D100FDCAB3 /* NotificationCenter.swift */; };
		8AF896BD23646DCD00AEFA21 /* CircleButton.swift in Sources */ = {isa = PBXBuildFile; fileRef = 8AF896BC23646DCD00AEFA21 /* CircleButton.swift */; };
		8AF896BF23646E9300AEFA21 /* CALayer.swift in Sources */ = {isa = PBXBuildFile; fileRef = 8AF896BE23646E9300AEFA21 /* CALayer.swift */; };
		8AF896C323647F9900AEFA21 /* .swiftlint.yml in Resources */ = {isa = PBXBuildFile; fileRef = 8AF896C223647F9900AEFA21 /* .swiftlint.yml */; };
		8AF896C52364819B00AEFA21 /* UIFont.swift in Sources */ = {isa = PBXBuildFile; fileRef = 8AF896C42364819B00AEFA21 /* UIFont.swift */; };
		8AF896C72364824900AEFA21 /* ListUsersViewModel.swift in Sources */ = {isa = PBXBuildFile; fileRef = 8AF896C62364824900AEFA21 /* ListUsersViewModel.swift */; };
		8AF896C9236482C300AEFA21 /* UIView.swift in Sources */ = {isa = PBXBuildFile; fileRef = 8AF896C8236482C300AEFA21 /* UIView.swift */; };
		8AF896CB2364874C00AEFA21 /* UIControl.swift in Sources */ = {isa = PBXBuildFile; fileRef = 8AF896CA2364874C00AEFA21 /* UIControl.swift */; };
		8AF896D32364950500AEFA21 /* ModalTransitionDelegate.swift in Sources */ = {isa = PBXBuildFile; fileRef = 8AF896D22364950500AEFA21 /* ModalTransitionDelegate.swift */; };
		8AF896D52364956E00AEFA21 /* ModalTransitionConfigurator.swift in Sources */ = {isa = PBXBuildFile; fileRef = 8AF896D42364956E00AEFA21 /* ModalTransitionConfigurator.swift */; };
		8AF896D72364968300AEFA21 /* FormUserViewController.swift in Sources */ = {isa = PBXBuildFile; fileRef = 8AF896D62364968300AEFA21 /* FormUserViewController.swift */; };
		8AF896DA23649B5500AEFA21 /* FormTableViewCell.swift in Sources */ = {isa = PBXBuildFile; fileRef = 8AF896D923649B5500AEFA21 /* FormTableViewCell.swift */; };
		FF495872B542FE23B00CEC8C /* Pods_Frogogo.framework in Frameworks */ = {isa = PBXBuildFile; fileRef = 4AAC5C01C734802044A11358 /* Pods_Frogogo.framework */; };
/* End PBXBuildFile section */

/* Begin PBXFileReference section */
		30AB4016A0F55806BEDF82CF /* Pods-Frogogo.debug.xcconfig */ = {isa = PBXFileReference; includeInIndex = 1; lastKnownFileType = text.xcconfig; name = "Pods-Frogogo.debug.xcconfig"; path = "Target Support Files/Pods-Frogogo/Pods-Frogogo.debug.xcconfig"; sourceTree = "<group>"; };
		4AAC5C01C734802044A11358 /* Pods_Frogogo.framework */ = {isa = PBXFileReference; explicitFileType = wrapper.framework; includeInIndex = 0; path = Pods_Frogogo.framework; sourceTree = BUILT_PRODUCTS_DIR; };
		8A19039F2363159B00CA9712 /* Frogogo.app */ = {isa = PBXFileReference; explicitFileType = wrapper.application; includeInIndex = 0; path = Frogogo.app; sourceTree = BUILT_PRODUCTS_DIR; };
		8A1903A22363159B00CA9712 /* AppDelegate.swift */ = {isa = PBXFileReference; lastKnownFileType = sourcecode.swift; path = AppDelegate.swift; sourceTree = "<group>"; };
		8A1903A42363159B00CA9712 /* SceneDelegate.swift */ = {isa = PBXFileReference; lastKnownFileType = sourcecode.swift; path = SceneDelegate.swift; sourceTree = "<group>"; };
		8A1903A62363159B00CA9712 /* ListUsersViewController.swift */ = {isa = PBXFileReference; lastKnownFileType = sourcecode.swift; path = ListUsersViewController.swift; sourceTree = "<group>"; };
		8A1903AB2363159B00CA9712 /* Assets.xcassets */ = {isa = PBXFileReference; lastKnownFileType = folder.assetcatalog; path = Assets.xcassets; sourceTree = "<group>"; };
		8A1903AE2363159B00CA9712 /* Base */ = {isa = PBXFileReference; lastKnownFileType = file.storyboard; name = Base; path = Base.lproj/LaunchScreen.storyboard; sourceTree = "<group>"; };
		8A1903B02363159B00CA9712 /* Info.plist */ = {isa = PBXFileReference; lastKnownFileType = text.plist.xml; path = Info.plist; sourceTree = "<group>"; };
		8A1903B623631D6800CA9712 /* Then.swift */ = {isa = PBXFileReference; lastKnownFileType = sourcecode.swift; path = Then.swift; sourceTree = "<group>"; };
		8A1903B823631DD000CA9712 /* AirLayout.swift */ = {isa = PBXFileReference; lastKnownFileType = sourcecode.swift; path = AirLayout.swift; sourceTree = "<group>"; };
		8A1903BB23632B8C00CA9712 /* CAGradientLayer.swift */ = {isa = PBXFileReference; lastKnownFileType = sourcecode.swift; path = CAGradientLayer.swift; sourceTree = "<group>"; };
		8A1903C02363304000CA9712 /* Localizable.strings */ = {isa = PBXFileReference; lastKnownFileType = text.plist.strings; path = Localizable.strings; sourceTree = "<group>"; };
		8A1903C42363307E00CA9712 /* Assets.swift */ = {isa = PBXFileReference; lastKnownFileType = sourcecode.swift; path = Assets.swift; sourceTree = "<group>"; };
		8A1903C62363308A00CA9712 /* Strings.swift */ = {isa = PBXFileReference; lastKnownFileType = sourcecode.swift; path = Strings.swift; sourceTree = "<group>"; };
		8A1903CA2363407C00CA9712 /* UITableView.swift */ = {isa = PBXFileReference; lastKnownFileType = sourcecode.swift; path = UITableView.swift; sourceTree = "<group>"; };
		8A1903D32363570300CA9712 /* Typealiases.swift */ = {isa = PBXFileReference; lastKnownFileType = sourcecode.swift; path = Typealiases.swift; sourceTree = "<group>"; };
		8A1F9D102366277D00DBF768 /* LoadingView.swift */ = {isa = PBXFileReference; lastKnownFileType = sourcecode.swift; path = LoadingView.swift; sourceTree = "<group>"; };
		8A1F9D122366303A00DBF768 /* AlertModel.swift */ = {isa = PBXFileReference; lastKnownFileType = sourcecode.swift; path = AlertModel.swift; sourceTree = "<group>"; };
		8A519F9C2364ED8500220264 /* InputTextField.swift */ = {isa = PBXFileReference; lastKnownFileType = sourcecode.swift; path = InputTextField.swift; sourceTree = "<group>"; };
		8A519F9E2364F91F00220264 /* Optional.swift */ = {isa = PBXFileReference; lastKnownFileType = sourcecode.swift; path = Optional.swift; sourceTree = "<group>"; };
		8A5EDB2B2363751300381528 /* ParentViewController.swift */ = {isa = PBXFileReference; lastKnownFileType = sourcecode.swift; path = ParentViewController.swift; sourceTree = "<group>"; };
		8A5EDB2D23637E4900381528 /* UserTableViewCell.swift */ = {isa = PBXFileReference; lastKnownFileType = sourcecode.swift; path = UserTableViewCell.swift; sourceTree = "<group>"; };
		8A5EDB2F23637E9E00381528 /* ReusableView.swift */ = {isa = PBXFileReference; lastKnownFileType = sourcecode.swift; path = ReusableView.swift; sourceTree = "<group>"; };
		8A634D9F23659C99001D8082 /* FormUserViewModel.swift */ = {isa = PBXFileReference; lastKnownFileType = sourcecode.swift; path = FormUserViewModel.swift; sourceTree = "<group>"; };
		8A634DA223659D20001D8082 /* InputModel.swift */ = {isa = PBXFileReference; lastKnownFileType = sourcecode.swift; path = InputModel.swift; sourceTree = "<group>"; };
		8A634DA42365A26D001D8082 /* FormModel.swift */ = {isa = PBXFileReference; lastKnownFileType = sourcecode.swift; path = FormModel.swift; sourceTree = "<group>"; };
		8A634DA82365B1F1001D8082 /* ValidationManager.swift */ = {isa = PBXFileReference; lastKnownFileType = sourcecode.swift; path = ValidationManager.swift; sourceTree = "<group>"; };
		8A634DAE2365BEB8001D8082 /* AlertView.swift */ = {isa = PBXFileReference; lastKnownFileType = sourcecode.swift; path = AlertView.swift; sourceTree = "<group>"; };
		8A634DB02365D93D001D8082 /* Users.swift */ = {isa = PBXFileReference; lastKnownFileType = sourcecode.swift; path = Users.swift; sourceTree = "<group>"; };
		8A634DB32365DAFA001D8082 /* RequestTarget.swift */ = {isa = PBXFileReference; lastKnownFileType = sourcecode.swift; path = RequestTarget.swift; sourceTree = "<group>"; };
		8A634DB52365DE6B001D8082 /* ReuqestProvider.swift */ = {isa = PBXFileReference; lastKnownFileType = sourcecode.swift; path = ReuqestProvider.swift; sourceTree = "<group>"; };
		8A634DB82365DFBA001D8082 /* NetworkService.swift */ = {isa = PBXFileReference; lastKnownFileType = sourcecode.swift; path = NetworkService.swift; sourceTree = "<group>"; };
		8ADEE3B92365674E00FDCAB3 /* UIScrollView+ParticlePullToRefresh.swift */ = {isa = PBXFileReference; fileEncoding = 4; lastKnownFileType = sourcecode.swift; path = "UIScrollView+ParticlePullToRefresh.swift"; sourceTree = "<group>"; };
		8ADEE3BA2365674E00FDCAB3 /* ParticlePullToRefresh.swift */ = {isa = PBXFileReference; fileEncoding = 4; lastKnownFileType = sourcecode.swift; path = ParticlePullToRefresh.swift; sourceTree = "<group>"; };
		8ADEE3BB2365674F00FDCAB3 /* UIImage+Particle.swift */ = {isa = PBXFileReference; fileEncoding = 4; lastKnownFileType = sourcecode.swift; path = "UIImage+Particle.swift"; sourceTree = "<group>"; };
		8ADEE3C2236579D100FDCAB3 /* NotificationCenter.swift */ = {isa = PBXFileReference; lastKnownFileType = sourcecode.swift; path = NotificationCenter.swift; sourceTree = "<group>"; };
		8AF896BC23646DCD00AEFA21 /* CircleButton.swift */ = {isa = PBXFileReference; lastKnownFileType = sourcecode.swift; path = CircleButton.swift; sourceTree = "<group>"; };
		8AF896BE23646E9300AEFA21 /* CALayer.swift */ = {isa = PBXFileReference; lastKnownFileType = sourcecode.swift; path = CALayer.swift; sourceTree = "<group>"; };
		8AF896C223647F9900AEFA21 /* .swiftlint.yml */ = {isa = PBXFileReference; lastKnownFileType = text.yaml; path = .swiftlint.yml; sourceTree = "<group>"; };
		8AF896C42364819B00AEFA21 /* UIFont.swift */ = {isa = PBXFileReference; lastKnownFileType = sourcecode.swift; path = UIFont.swift; sourceTree = "<group>"; };
		8AF896C62364824900AEFA21 /* ListUsersViewModel.swift */ = {isa = PBXFileReference; lastKnownFileType = sourcecode.swift; path = ListUsersViewModel.swift; sourceTree = "<group>"; };
		8AF896C8236482C300AEFA21 /* UIView.swift */ = {isa = PBXFileReference; lastKnownFileType = sourcecode.swift; path = UIView.swift; sourceTree = "<group>"; };
		8AF896CA2364874C00AEFA21 /* UIControl.swift */ = {isa = PBXFileReference; lastKnownFileType = sourcecode.swift; path = UIControl.swift; sourceTree = "<group>"; };
		8AF896D22364950500AEFA21 /* ModalTransitionDelegate.swift */ = {isa = PBXFileReference; lastKnownFileType = sourcecode.swift; path = ModalTransitionDelegate.swift; sourceTree = "<group>"; };
		8AF896D42364956E00AEFA21 /* ModalTransitionConfigurator.swift */ = {isa = PBXFileReference; lastKnownFileType = sourcecode.swift; path = ModalTransitionConfigurator.swift; sourceTree = "<group>"; };
		8AF896D62364968300AEFA21 /* FormUserViewController.swift */ = {isa = PBXFileReference; lastKnownFileType = sourcecode.swift; path = FormUserViewController.swift; sourceTree = "<group>"; };
		8AF896D923649B5500AEFA21 /* FormTableViewCell.swift */ = {isa = PBXFileReference; lastKnownFileType = sourcecode.swift; path = FormTableViewCell.swift; sourceTree = "<group>"; };
		B4F302B8B7A11422F2B7D951 /* Pods-Frogogo.release.xcconfig */ = {isa = PBXFileReference; includeInIndex = 1; lastKnownFileType = text.xcconfig; name = "Pods-Frogogo.release.xcconfig"; path = "Target Support Files/Pods-Frogogo/Pods-Frogogo.release.xcconfig"; sourceTree = "<group>"; };
/* End PBXFileReference section */

/* Begin PBXFrameworksBuildPhase section */
		8A19039C2363159B00CA9712 /* Frameworks */ = {
			isa = PBXFrameworksBuildPhase;
			buildActionMask = 2147483647;
			files = (
				FF495872B542FE23B00CEC8C /* Pods_Frogogo.framework in Frameworks */,
			);
			runOnlyForDeploymentPostprocessing = 0;
		};
/* End PBXFrameworksBuildPhase section */

/* Begin PBXGroup section */
		34C6FED689FB7DBDFE218425 /* Frameworks */ = {
			isa = PBXGroup;
			children = (
				4AAC5C01C734802044A11358 /* Pods_Frogogo.framework */,
			);
			name = Frameworks;
			sourceTree = "<group>";
		};
		8A1903962363159B00CA9712 = {
			isa = PBXGroup;
			children = (
				8AF896C223647F9900AEFA21 /* .swiftlint.yml */,
				8A1903A12363159B00CA9712 /* Frogogo */,
				8A1903A02363159B00CA9712 /* Products */,
				AF9FFFD8EDD6B0AA21C4DE80 /* Pods */,
				34C6FED689FB7DBDFE218425 /* Frameworks */,
			);
			sourceTree = "<group>";
		};
		8A1903A02363159B00CA9712 /* Products */ = {
			isa = PBXGroup;
			children = (
				8A19039F2363159B00CA9712 /* Frogogo.app */,
			);
			name = Products;
			sourceTree = "<group>";
		};
		8A1903A12363159B00CA9712 /* Frogogo */ = {
			isa = PBXGroup;
			children = (
				8A1903A22363159B00CA9712 /* AppDelegate.swift */,
				8A1903A42363159B00CA9712 /* SceneDelegate.swift */,
				8A1903C22363306300CA9712 /* Logic */,
				8A1903D0236356BB00CA9712 /* Modules */,
				8A1903BA23632B7900CA9712 /* Extensions */,
				8A1903BF2363300A00CA9712 /* Resources */,
				8A1903B02363159B00CA9712 /* Info.plist */,
			);
			path = Frogogo;
			sourceTree = "<group>";
		};
		8A1903BA23632B7900CA9712 /* Extensions */ = {
			isa = PBXGroup;
			children = (
				8A1903B623631D6800CA9712 /* Then.swift */,
				8A1903B823631DD000CA9712 /* AirLayout.swift */,
				8A5EDB2F23637E9E00381528 /* ReusableView.swift */,
				8A1903CA2363407C00CA9712 /* UITableView.swift */,
				8A1903BB23632B8C00CA9712 /* CAGradientLayer.swift */,
				8AF896BE23646E9300AEFA21 /* CALayer.swift */,
				8AF896CA2364874C00AEFA21 /* UIControl.swift */,
				8AF896C42364819B00AEFA21 /* UIFont.swift */,
				8A519F9E2364F91F00220264 /* Optional.swift */,
				8AF896C8236482C300AEFA21 /* UIView.swift */,
				8ADEE3C2236579D100FDCAB3 /* NotificationCenter.swift */,
				8AF896BB23646DBA00AEFA21 /* UIKit */,
			);
			path = Extensions;
			sourceTree = "<group>";
		};
		8A1903BF2363300A00CA9712 /* Resources */ = {
			isa = PBXGroup;
			children = (
				8A1903AB2363159B00CA9712 /* Assets.xcassets */,
				8A1903C02363304000CA9712 /* Localizable.strings */,
				8A1903AD2363159B00CA9712 /* LaunchScreen.storyboard */,
			);
			path = Resources;
			sourceTree = "<group>";
		};
		8A1903C22363306300CA9712 /* Logic */ = {
			isa = PBXGroup;
			children = (
				8A634DB22365DADE001D8082 /* Network */,
				8A634DA72365B1DD001D8082 /* Managers */,
				8AF896D123648F2800AEFA21 /* Helpers */,
				8A634DA123659D10001D8082 /* Models */,
				8A1903C32363306600CA9712 /* Generated */,
				8A1903D2236356F700CA9712 /* General */,
			);
			path = Logic;
			sourceTree = "<group>";
		};
		8A1903C32363306600CA9712 /* Generated */ = {
			isa = PBXGroup;
			children = (
				8A1903C42363307E00CA9712 /* Assets.swift */,
				8A1903C62363308A00CA9712 /* Strings.swift */,
			);
			path = Generated;
			sourceTree = "<group>";
		};
		8A1903D0236356BB00CA9712 /* Modules */ = {
			isa = PBXGroup;
			children = (
				8A1903D1236356D300CA9712 /* ListUsers */,
				8AF896D823649B1500AEFA21 /* FormUser */,
				8A5EDB2A236374FD00381528 /* Parents */,
			);
			path = Modules;
			sourceTree = "<group>";
		};
		8A1903D1236356D300CA9712 /* ListUsers */ = {
			isa = PBXGroup;
			children = (
				8AF896C62364824900AEFA21 /* ListUsersViewModel.swift */,
				8A1903A62363159B00CA9712 /* ListUsersViewController.swift */,
				8A1903D52363574300CA9712 /* Cells */,
			);
			path = ListUsers;
			sourceTree = "<group>";
		};
		8A1903D2236356F700CA9712 /* General */ = {
			isa = PBXGroup;
			children = (
				8A1903D32363570300CA9712 /* Typealiases.swift */,
			);
			path = General;
			sourceTree = "<group>";
		};
		8A1903D52363574300CA9712 /* Cells */ = {
			isa = PBXGroup;
			children = (
				8A5EDB2D23637E4900381528 /* UserTableViewCell.swift */,
			);
			path = Cells;
			sourceTree = "<group>";
		};
		8A5EDB2A236374FD00381528 /* Parents */ = {
			isa = PBXGroup;
			children = (
				8A5EDB2B2363751300381528 /* ParentViewController.swift */,
			);
			path = Parents;
			sourceTree = "<group>";
		};
		8A634DA123659D10001D8082 /* Models */ = {
			isa = PBXGroup;
			children = (
				8A634DA42365A26D001D8082 /* FormModel.swift */,
				8A634DA223659D20001D8082 /* InputModel.swift */,
				8A1F9D122366303A00DBF768 /* AlertModel.swift */,
				8A634DA62365AEB9001D8082 /* Network */,
			);
			path = Models;
			sourceTree = "<group>";
		};
		8A634DA62365AEB9001D8082 /* Network */ = {
			isa = PBXGroup;
			children = (
				8A634DB02365D93D001D8082 /* Users.swift */,
			);
			path = Network;
			sourceTree = "<group>";
		};
		8A634DA72365B1DD001D8082 /* Managers */ = {
			isa = PBXGroup;
			children = (
				8A634DA82365B1F1001D8082 /* ValidationManager.swift */,
			);
			path = Managers;
			sourceTree = "<group>";
		};
		8A634DB22365DADE001D8082 /* Network */ = {
			isa = PBXGroup;
			children = (
				8A634DB32365DAFA001D8082 /* RequestTarget.swift */,
				8A634DB52365DE6B001D8082 /* ReuqestProvider.swift */,
				8A634DB72365DF9B001D8082 /* Services */,
			);
			path = Network;
			sourceTree = "<group>";
		};
		8A634DB72365DF9B001D8082 /* Services */ = {
			isa = PBXGroup;
			children = (
				8A634DB82365DFBA001D8082 /* NetworkService.swift */,
			);
			path = Services;
			sourceTree = "<group>";
		};
		8ADEE3B22365668700FDCAB3 /* ParticlePullToRefresh */ = {
			isa = PBXGroup;
			children = (
				8ADEE3BA2365674E00FDCAB3 /* ParticlePullToRefresh.swift */,
				8ADEE3BB2365674F00FDCAB3 /* UIImage+Particle.swift */,
				8ADEE3B92365674E00FDCAB3 /* UIScrollView+ParticlePullToRefresh.swift */,
			);
			path = ParticlePullToRefresh;
			sourceTree = "<group>";
		};
		8AF896BB23646DBA00AEFA21 /* UIKit */ = {
			isa = PBXGroup;
			children = (
				8AF896BC23646DCD00AEFA21 /* CircleButton.swift */,
				8A519F9C2364ED8500220264 /* InputTextField.swift */,
				8A634DAE2365BEB8001D8082 /* AlertView.swift */,
				8A1F9D102366277D00DBF768 /* LoadingView.swift */,
				8ADEE3B22365668700FDCAB3 /* ParticlePullToRefresh */,
			);
			path = UIKit;
			sourceTree = "<group>";
		};
		8AF896D123648F2800AEFA21 /* Helpers */ = {
			isa = PBXGroup;
			children = (
				8AF896D22364950500AEFA21 /* ModalTransitionDelegate.swift */,
				8AF896D42364956E00AEFA21 /* ModalTransitionConfigurator.swift */,
			);
			path = Helpers;
			sourceTree = "<group>";
		};
		8AF896D823649B1500AEFA21 /* FormUser */ = {
			isa = PBXGroup;
			children = (
				8A634D9F23659C99001D8082 /* FormUserViewModel.swift */,
				8AF896D62364968300AEFA21 /* FormUserViewController.swift */,
				8AF896DB23649B5800AEFA21 /* Cells */,
			);
			path = FormUser;
			sourceTree = "<group>";
		};
		8AF896DB23649B5800AEFA21 /* Cells */ = {
			isa = PBXGroup;
			children = (
				8AF896D923649B5500AEFA21 /* FormTableViewCell.swift */,
			);
			path = Cells;
			sourceTree = "<group>";
		};
		AF9FFFD8EDD6B0AA21C4DE80 /* Pods */ = {
			isa = PBXGroup;
			children = (
				30AB4016A0F55806BEDF82CF /* Pods-Frogogo.debug.xcconfig */,
				B4F302B8B7A11422F2B7D951 /* Pods-Frogogo.release.xcconfig */,
			);
			path = Pods;
			sourceTree = "<group>";
		};
/* End PBXGroup section */

/* Begin PBXNativeTarget section */
		8A19039E2363159B00CA9712 /* Frogogo */ = {
			isa = PBXNativeTarget;
			buildConfigurationList = 8A1903B32363159B00CA9712 /* Build configuration list for PBXNativeTarget "Frogogo" */;
			buildPhases = (
				D35088F3F8D9624428D849C6 /* [CP] Check Pods Manifest.lock */,
				8A1903BD23632D4F00CA9712 /* SwiftLint */,
				8A1903BE23632F9500CA9712 /* SwiftGen */,
				8A19039B2363159B00CA9712 /* Sources */,
				8A19039C2363159B00CA9712 /* Frameworks */,
				8A19039D2363159B00CA9712 /* Resources */,
				C4203797316F44DD3A57CF2A /* [CP] Embed Pods Frameworks */,
			);
			buildRules = (
			);
			dependencies = (
			);
			name = Frogogo;
			productName = Frogogo;
			productReference = 8A19039F2363159B00CA9712 /* Frogogo.app */;
			productType = "com.apple.product-type.application";
		};
/* End PBXNativeTarget section */

/* Begin PBXProject section */
		8A1903972363159B00CA9712 /* Project object */ = {
			isa = PBXProject;
			attributes = {
				LastSwiftUpdateCheck = 1110;
				LastUpgradeCheck = 1110;
				ORGANIZATIONNAME = "Andrey Dovzhenko";
				TargetAttributes = {
					8A19039E2363159B00CA9712 = {
						CreatedOnToolsVersion = 11.1;
					};
				};
			};
			buildConfigurationList = 8A19039A2363159B00CA9712 /* Build configuration list for PBXProject "Frogogo" */;
			compatibilityVersion = "Xcode 9.3";
			developmentRegion = en;
			hasScannedForEncodings = 0;
			knownRegions = (
				en,
				Base,
			);
			mainGroup = 8A1903962363159B00CA9712;
			productRefGroup = 8A1903A02363159B00CA9712 /* Products */;
			projectDirPath = "";
			projectRoot = "";
			targets = (
				8A19039E2363159B00CA9712 /* Frogogo */,
			);
		};
/* End PBXProject section */

/* Begin PBXResourcesBuildPhase section */
		8A19039D2363159B00CA9712 /* Resources */ = {
			isa = PBXResourcesBuildPhase;
			buildActionMask = 2147483647;
			files = (
				8AF896C323647F9900AEFA21 /* .swiftlint.yml in Resources */,
				8A1903AF2363159B00CA9712 /* LaunchScreen.storyboard in Resources */,
				8A1903C12363305300CA9712 /* Localizable.strings in Resources */,
				8A1903AC2363159B00CA9712 /* Assets.xcassets in Resources */,
			);
			runOnlyForDeploymentPostprocessing = 0;
		};
/* End PBXResourcesBuildPhase section */

/* Begin PBXShellScriptBuildPhase section */
		8A1903BD23632D4F00CA9712 /* SwiftLint */ = {
			isa = PBXShellScriptBuildPhase;
			buildActionMask = 2147483647;
			files = (
			);
			inputFileListPaths = (
			);
			inputPaths = (
			);
			name = SwiftLint;
			outputFileListPaths = (
			);
			outputPaths = (
			);
			runOnlyForDeploymentPostprocessing = 0;
			shellPath = /bin/sh;
			shellScript = "${PODS_ROOT}/SwiftLint/swiftlint\n";
		};
		8A1903BE23632F9500CA9712 /* SwiftGen */ = {
			isa = PBXShellScriptBuildPhase;
			buildActionMask = 2147483647;
			files = (
			);
			inputFileListPaths = (
			);
			inputPaths = (
			);
			name = SwiftGen;
			outputFileListPaths = (
			);
			outputPaths = (
			);
			runOnlyForDeploymentPostprocessing = 0;
			shellPath = /bin/sh;
			shellScript = "$PODS_ROOT/SwiftGen/bin/swiftgen\n";
		};
		C4203797316F44DD3A57CF2A /* [CP] Embed Pods Frameworks */ = {
			isa = PBXShellScriptBuildPhase;
			buildActionMask = 2147483647;
			files = (
			);
			inputFileListPaths = (
			);
			inputPaths = (
				"${PODS_ROOT}/Target Support Files/Pods-Frogogo/Pods-Frogogo-frameworks.sh",
				"${BUILT_PRODUCTS_DIR}/Kingfisher/Kingfisher.framework",
			);
			name = "[CP] Embed Pods Frameworks";
			outputFileListPaths = (
			);
			outputPaths = (
				"${TARGET_BUILD_DIR}/${FRAMEWORKS_FOLDER_PATH}/Kingfisher.framework",
			);
			runOnlyForDeploymentPostprocessing = 0;
			shellPath = /bin/sh;
			shellScript = "\"${PODS_ROOT}/Target Support Files/Pods-Frogogo/Pods-Frogogo-frameworks.sh\"\n";
			showEnvVarsInLog = 0;
		};
		D35088F3F8D9624428D849C6 /* [CP] Check Pods Manifest.lock */ = {
			isa = PBXShellScriptBuildPhase;
			buildActionMask = 2147483647;
			files = (
			);
			inputFileListPaths = (
			);
			inputPaths = (
				"${PODS_PODFILE_DIR_PATH}/Podfile.lock",
				"${PODS_ROOT}/Manifest.lock",
			);
			name = "[CP] Check Pods Manifest.lock";
			outputFileListPaths = (
			);
			outputPaths = (
				"$(DERIVED_FILE_DIR)/Pods-Frogogo-checkManifestLockResult.txt",
			);
			runOnlyForDeploymentPostprocessing = 0;
			shellPath = /bin/sh;
			shellScript = "diff \"${PODS_PODFILE_DIR_PATH}/Podfile.lock\" \"${PODS_ROOT}/Manifest.lock\" > /dev/null\nif [ $? != 0 ] ; then\n    # print error to STDERR\n    echo \"error: The sandbox is not in sync with the Podfile.lock. Run 'pod install' or update your CocoaPods installation.\" >&2\n    exit 1\nfi\n# This output is used by Xcode 'outputs' to avoid re-running this script phase.\necho \"SUCCESS\" > \"${SCRIPT_OUTPUT_FILE_0}\"\n";
			showEnvVarsInLog = 0;
		};
/* End PBXShellScriptBuildPhase section */

/* Begin PBXSourcesBuildPhase section */
		8A19039B2363159B00CA9712 /* Sources */ = {
			isa = PBXSourcesBuildPhase;
			buildActionMask = 2147483647;
			files = (
				8A634DA92365B1F1001D8082 /* ValidationManager.swift in Sources */,
				8A1903B923631DD000CA9712 /* AirLayout.swift in Sources */,
				8A1903C52363307E00CA9712 /* Assets.swift in Sources */,
				8AF896CB2364874C00AEFA21 /* UIControl.swift in Sources */,
				8A634DA52365A26D001D8082 /* FormModel.swift in Sources */,
				8A1903D42363570300CA9712 /* Typealiases.swift in Sources */,
				8A1903C72363308A00CA9712 /* Strings.swift in Sources */,
				8ADEE3BC2365674F00FDCAB3 /* UIScrollView+ParticlePullToRefresh.swift in Sources */,
				8A5EDB2E23637E4900381528 /* UserTableViewCell.swift in Sources */,
				8A634DB62365DE6B001D8082 /* ReuqestProvider.swift in Sources */,
				8A634DA023659C99001D8082 /* FormUserViewModel.swift in Sources */,
				8A1F9D112366277D00DBF768 /* LoadingView.swift in Sources */,
				8A5EDB2C2363751300381528 /* ParentViewController.swift in Sources */,
				8A1903B723631D6800CA9712 /* Then.swift in Sources */,
				8ADEE3BD2365674F00FDCAB3 /* ParticlePullToRefresh.swift in Sources */,
				8A634DB12365D93D001D8082 /* Users.swift in Sources */,
				8AF896D32364950500AEFA21 /* ModalTransitionDelegate.swift in Sources */,
				8A5EDB3023637E9E00381528 /* ReusableView.swift in Sources */,
				8A1903A72363159B00CA9712 /* ListUsersViewController.swift in Sources */,
				8A519F9F2364F91F00220264 /* Optional.swift in Sources */,
				8A634DB42365DAFA001D8082 /* RequestTarget.swift in Sources */,
				8AF896D72364968300AEFA21 /* FormUserViewController.swift in Sources */,
				8AF896DA23649B5500AEFA21 /* FormTableViewCell.swift in Sources */,
				8A634DA323659D20001D8082 /* InputModel.swift in Sources */,
				8ADEE3C3236579D100FDCAB3 /* NotificationCenter.swift in Sources */,
				8AF896BF23646E9300AEFA21 /* CALayer.swift in Sources */,
				8ADEE3BE2365674F00FDCAB3 /* UIImage+Particle.swift in Sources */,
				8A1903CB2363407C00CA9712 /* UITableView.swift in Sources */,
				8A1F9D132366303A00DBF768 /* AlertModel.swift in Sources */,
				8AF896BD23646DCD00AEFA21 /* CircleButton.swift in Sources */,
				8A519F9D2364ED8500220264 /* InputTextField.swift in Sources */,
				8AF896C52364819B00AEFA21 /* UIFont.swift in Sources */,
				8A1903BC23632B8C00CA9712 /* CAGradientLayer.swift in Sources */,
				8A1903A32363159B00CA9712 /* AppDelegate.swift in Sources */,
				8A1903A52363159B00CA9712 /* SceneDelegate.swift in Sources */,
				8AF896C9236482C300AEFA21 /* UIView.swift in Sources */,
				8A634DB92365DFBA001D8082 /* NetworkService.swift in Sources */,
				8AF896C72364824900AEFA21 /* ListUsersViewModel.swift in Sources */,
				8AF896D52364956E00AEFA21 /* ModalTransitionConfigurator.swift in Sources */,
				8A634DAF2365BEB8001D8082 /* AlertView.swift in Sources */,
			);
			runOnlyForDeploymentPostprocessing = 0;
		};
/* End PBXSourcesBuildPhase section */

/* Begin PBXVariantGroup section */
		8A1903AD2363159B00CA9712 /* LaunchScreen.storyboard */ = {
			isa = PBXVariantGroup;
			children = (
				8A1903AE2363159B00CA9712 /* Base */,
			);
			name = LaunchScreen.storyboard;
			sourceTree = "<group>";
		};
/* End PBXVariantGroup section */

/* Begin XCBuildConfiguration section */
		8A1903B12363159B00CA9712 /* Debug */ = {
			isa = XCBuildConfiguration;
			buildSettings = {
				ALWAYS_SEARCH_USER_PATHS = NO;
				CLANG_ANALYZER_NONNULL = YES;
				CLANG_ANALYZER_NUMBER_OBJECT_CONVERSION = YES_AGGRESSIVE;
				CLANG_CXX_LANGUAGE_STANDARD = "gnu++14";
				CLANG_CXX_LIBRARY = "libc++";
				CLANG_ENABLE_MODULES = YES;
				CLANG_ENABLE_OBJC_ARC = YES;
				CLANG_ENABLE_OBJC_WEAK = YES;
				CLANG_WARN_BLOCK_CAPTURE_AUTORELEASING = YES;
				CLANG_WARN_BOOL_CONVERSION = YES;
				CLANG_WARN_COMMA = YES;
				CLANG_WARN_CONSTANT_CONVERSION = YES;
				CLANG_WARN_DEPRECATED_OBJC_IMPLEMENTATIONS = YES;
				CLANG_WARN_DIRECT_OBJC_ISA_USAGE = YES_ERROR;
				CLANG_WARN_DOCUMENTATION_COMMENTS = YES;
				CLANG_WARN_EMPTY_BODY = YES;
				CLANG_WARN_ENUM_CONVERSION = YES;
				CLANG_WARN_INFINITE_RECURSION = YES;
				CLANG_WARN_INT_CONVERSION = YES;
				CLANG_WARN_NON_LITERAL_NULL_CONVERSION = YES;
				CLANG_WARN_OBJC_IMPLICIT_RETAIN_SELF = YES;
				CLANG_WARN_OBJC_LITERAL_CONVERSION = YES;
				CLANG_WARN_OBJC_ROOT_CLASS = YES_ERROR;
				CLANG_WARN_RANGE_LOOP_ANALYSIS = YES;
				CLANG_WARN_STRICT_PROTOTYPES = YES;
				CLANG_WARN_SUSPICIOUS_MOVE = YES;
				CLANG_WARN_UNGUARDED_AVAILABILITY = YES_AGGRESSIVE;
				CLANG_WARN_UNREACHABLE_CODE = YES;
				CLANG_WARN__DUPLICATE_METHOD_MATCH = YES;
				COPY_PHASE_STRIP = NO;
				DEBUG_INFORMATION_FORMAT = dwarf;
				ENABLE_STRICT_OBJC_MSGSEND = YES;
				ENABLE_TESTABILITY = YES;
				GCC_C_LANGUAGE_STANDARD = gnu11;
				GCC_DYNAMIC_NO_PIC = NO;
				GCC_NO_COMMON_BLOCKS = YES;
				GCC_OPTIMIZATION_LEVEL = 0;
				GCC_PREPROCESSOR_DEFINITIONS = (
					"DEBUG=1",
					"$(inherited)",
				);
				GCC_WARN_64_TO_32_BIT_CONVERSION = YES;
				GCC_WARN_ABOUT_RETURN_TYPE = YES_ERROR;
				GCC_WARN_UNDECLARED_SELECTOR = YES;
				GCC_WARN_UNINITIALIZED_AUTOS = YES_AGGRESSIVE;
				GCC_WARN_UNUSED_FUNCTION = YES;
				GCC_WARN_UNUSED_VARIABLE = YES;
				IPHONEOS_DEPLOYMENT_TARGET = 13.1;
				MTL_ENABLE_DEBUG_INFO = INCLUDE_SOURCE;
				MTL_FAST_MATH = YES;
				ONLY_ACTIVE_ARCH = YES;
				SDKROOT = iphoneos;
				SWIFT_ACTIVE_COMPILATION_CONDITIONS = DEBUG;
				SWIFT_OPTIMIZATION_LEVEL = "-Onone";
			};
			name = Debug;
		};
		8A1903B22363159B00CA9712 /* Release */ = {
			isa = XCBuildConfiguration;
			buildSettings = {
				ALWAYS_SEARCH_USER_PATHS = NO;
				CLANG_ANALYZER_NONNULL = YES;
				CLANG_ANALYZER_NUMBER_OBJECT_CONVERSION = YES_AGGRESSIVE;
				CLANG_CXX_LANGUAGE_STANDARD = "gnu++14";
				CLANG_CXX_LIBRARY = "libc++";
				CLANG_ENABLE_MODULES = YES;
				CLANG_ENABLE_OBJC_ARC = YES;
				CLANG_ENABLE_OBJC_WEAK = YES;
				CLANG_WARN_BLOCK_CAPTURE_AUTORELEASING = YES;
				CLANG_WARN_BOOL_CONVERSION = YES;
				CLANG_WARN_COMMA = YES;
				CLANG_WARN_CONSTANT_CONVERSION = YES;
				CLANG_WARN_DEPRECATED_OBJC_IMPLEMENTATIONS = YES;
				CLANG_WARN_DIRECT_OBJC_ISA_USAGE = YES_ERROR;
				CLANG_WARN_DOCUMENTATION_COMMENTS = YES;
				CLANG_WARN_EMPTY_BODY = YES;
				CLANG_WARN_ENUM_CONVERSION = YES;
				CLANG_WARN_INFINITE_RECURSION = YES;
				CLANG_WARN_INT_CONVERSION = YES;
				CLANG_WARN_NON_LITERAL_NULL_CONVERSION = YES;
				CLANG_WARN_OBJC_IMPLICIT_RETAIN_SELF = YES;
				CLANG_WARN_OBJC_LITERAL_CONVERSION = YES;
				CLANG_WARN_OBJC_ROOT_CLASS = YES_ERROR;
				CLANG_WARN_RANGE_LOOP_ANALYSIS = YES;
				CLANG_WARN_STRICT_PROTOTYPES = YES;
				CLANG_WARN_SUSPICIOUS_MOVE = YES;
				CLANG_WARN_UNGUARDED_AVAILABILITY = YES_AGGRESSIVE;
				CLANG_WARN_UNREACHABLE_CODE = YES;
				CLANG_WARN__DUPLICATE_METHOD_MATCH = YES;
				COPY_PHASE_STRIP = NO;
				DEBUG_INFORMATION_FORMAT = "dwarf-with-dsym";
				ENABLE_NS_ASSERTIONS = NO;
				ENABLE_STRICT_OBJC_MSGSEND = YES;
				GCC_C_LANGUAGE_STANDARD = gnu11;
				GCC_NO_COMMON_BLOCKS = YES;
				GCC_WARN_64_TO_32_BIT_CONVERSION = YES;
				GCC_WARN_ABOUT_RETURN_TYPE = YES_ERROR;
				GCC_WARN_UNDECLARED_SELECTOR = YES;
				GCC_WARN_UNINITIALIZED_AUTOS = YES_AGGRESSIVE;
				GCC_WARN_UNUSED_FUNCTION = YES;
				GCC_WARN_UNUSED_VARIABLE = YES;
				IPHONEOS_DEPLOYMENT_TARGET = 13.1;
				MTL_ENABLE_DEBUG_INFO = NO;
				MTL_FAST_MATH = YES;
				SDKROOT = iphoneos;
				SWIFT_COMPILATION_MODE = wholemodule;
				SWIFT_OPTIMIZATION_LEVEL = "-O";
				VALIDATE_PRODUCT = YES;
			};
			name = Release;
		};
		8A1903B42363159B00CA9712 /* Debug */ = {
			isa = XCBuildConfiguration;
			baseConfigurationReference = 30AB4016A0F55806BEDF82CF /* Pods-Frogogo.debug.xcconfig */;
			buildSettings = {
				ASSETCATALOG_COMPILER_APPICON_NAME = AppIcon;
				CODE_SIGN_STYLE = Automatic;
				INFOPLIST_FILE = Frogogo/Info.plist;
				LD_RUNPATH_SEARCH_PATHS = (
					"$(inherited)",
					"@executable_path/Frameworks",
				);
				PRODUCT_BUNDLE_IDENTIFIER = "Andrey-Dovzhenko.Frogogo";
				PRODUCT_NAME = "$(TARGET_NAME)";
				SWIFT_VERSION = 5.0;
				TARGETED_DEVICE_FAMILY = 1;
			};
			name = Debug;
		};
		8A1903B52363159B00CA9712 /* Release */ = {
			isa = XCBuildConfiguration;
			baseConfigurationReference = B4F302B8B7A11422F2B7D951 /* Pods-Frogogo.release.xcconfig */;
			buildSettings = {
				ASSETCATALOG_COMPILER_APPICON_NAME = AppIcon;
				CODE_SIGN_STYLE = Automatic;
				INFOPLIST_FILE = Frogogo/Info.plist;
				LD_RUNPATH_SEARCH_PATHS = (
					"$(inherited)",
					"@executable_path/Frameworks",
				);
				PRODUCT_BUNDLE_IDENTIFIER = "Andrey-Dovzhenko.Frogogo";
				PRODUCT_NAME = "$(TARGET_NAME)";
				SWIFT_VERSION = 5.0;
				TARGETED_DEVICE_FAMILY = 1;
			};
			name = Release;
		};
/* End XCBuildConfiguration section */

/* Begin XCConfigurationList section */
		8A19039A2363159B00CA9712 /* Build configuration list for PBXProject "Frogogo" */ = {
			isa = XCConfigurationList;
			buildConfigurations = (
				8A1903B12363159B00CA9712 /* Debug */,
				8A1903B22363159B00CA9712 /* Release */,
			);
			defaultConfigurationIsVisible = 0;
			defaultConfigurationName = Release;
		};
		8A1903B32363159B00CA9712 /* Build configuration list for PBXNativeTarget "Frogogo" */ = {
			isa = XCConfigurationList;
			buildConfigurations = (
				8A1903B42363159B00CA9712 /* Debug */,
				8A1903B52363159B00CA9712 /* Release */,
			);
			defaultConfigurationIsVisible = 0;
			defaultConfigurationName = Release;
		};
/* End XCConfigurationList section */
	};
	rootObject = 8A1903972363159B00CA9712 /* Project object */;
}
